
Microsoft Visual Studio Solution File, Format Version 12.00
# Visual Studio Version 17
VisualStudioVersion = 17.0.31903.59
MinimumVisualStudioVersion = 10.0.40219.1
Project("{2150E333-8FDC-42A3-9474-1A3956D46DE8}") = "src", "src", "{827E0CD3-B72D-47B6-A68D-7590B98EB39B}"
EndProject
Project("{FAE04EC0-301F-11D3-BF4B-00C04F79EFBC}") = "ServiceDefaults", "src\ServiceDefaults\ServiceDefaults.csproj", "{9F19C8E5-4AD9-4A75-A0DF-559E2E48FAC6}"
EndProject
Project("{FAE04EC0-301F-11D3-BF4B-00C04F79EFBC}") = "AppHost", "src\AppHost\AppHost.csproj", "{2AE1CE0B-BC9B-40EE-8603-49374AE476F1}"
EndProject
Project("{FAE04EC0-301F-11D3-BF4B-00C04F79EFBC}") = "AiService", "src\AiService\AiService.csproj", "{B6172951-74C5-4861-BBB9-9E825A600894}"
EndProject
Global
	GlobalSection(SolutionConfigurationPlatforms) = preSolution
		Debug|Any CPU = Debug|Any CPU
		Debug|x64 = Debug|x64
		Debug|x86 = Debug|x86
		Release|Any CPU = Release|Any CPU
		Release|x64 = Release|x64
		Release|x86 = Release|x86
	EndGlobalSection
	GlobalSection(ProjectConfigurationPlatforms) = postSolution
		{9F19C8E5-4AD9-4A75-A0DF-559E2E48FAC6}.Debug|Any CPU.ActiveCfg = Debug|Any CPU
		{9F19C8E5-4AD9-4A75-A0DF-559E2E48FAC6}.Debug|Any CPU.Build.0 = Debug|Any CPU
		{9F19C8E5-4AD9-4A75-A0DF-559E2E48FAC6}.Debug|x64.ActiveCfg = Debug|Any CPU
		{9F19C8E5-4AD9-4A75-A0DF-559E2E48FAC6}.Debug|x64.Build.0 = Debug|Any CPU
		{9F19C8E5-4AD9-4A75-A0DF-559E2E48FAC6}.Debug|x86.ActiveCfg = Debug|Any CPU
		{9F19C8E5-4AD9-4A75-A0DF-559E2E48FAC6}.Debug|x86.Build.0 = Debug|Any CPU
		{9F19C8E5-4AD9-4A75-A0DF-559E2E48FAC6}.Release|Any CPU.ActiveCfg = Release|Any CPU
		{9F19C8E5-4AD9-4A75-A0DF-559E2E48FAC6}.Release|Any CPU.Build.0 = Release|Any CPU
		{9F19C8E5-4AD9-4A75-A0DF-559E2E48FAC6}.Release|x64.ActiveCfg = Release|Any CPU
		{9F19C8E5-4AD9-4A75-A0DF-559E2E48FAC6}.Release|x64.Build.0 = Release|Any CPU
		{9F19C8E5-4AD9-4A75-A0DF-559E2E48FAC6}.Release|x86.ActiveCfg = Release|Any CPU
		{9F19C8E5-4AD9-4A75-A0DF-559E2E48FAC6}.Release|x86.Build.0 = Release|Any CPU
		{2AE1CE0B-BC9B-40EE-8603-49374AE476F1}.Debug|Any CPU.ActiveCfg = Debug|Any CPU
		{2AE1CE0B-BC9B-40EE-8603-49374AE476F1}.Debug|Any CPU.Build.0 = Debug|Any CPU
		{2AE1CE0B-BC9B-40EE-8603-49374AE476F1}.Debug|x64.ActiveCfg = Debug|Any CPU
		{2AE1CE0B-BC9B-40EE-8603-49374AE476F1}.Debug|x64.Build.0 = Debug|Any CPU
		{2AE1CE0B-BC9B-40EE-8603-49374AE476F1}.Debug|x86.ActiveCfg = Debug|Any CPU
		{2AE1CE0B-BC9B-40EE-8603-49374AE476F1}.Debug|x86.Build.0 = Debug|Any CPU
		{2AE1CE0B-BC9B-40EE-8603-49374AE476F1}.Release|Any CPU.ActiveCfg = Release|Any CPU
		{2AE1CE0B-BC9B-40EE-8603-49374AE476F1}.Release|Any CPU.Build.0 = Release|Any CPU
		{2AE1CE0B-BC9B-40EE-8603-49374AE476F1}.Release|x64.ActiveCfg = Release|Any CPU
		{2AE1CE0B-BC9B-40EE-8603-49374AE476F1}.Release|x64.Build.0 = Release|Any CPU
		{2AE1CE0B-BC9B-40EE-8603-49374AE476F1}.Release|x86.ActiveCfg = Release|Any CPU
		{2AE1CE0B-BC9B-40EE-8603-49374AE476F1}.Release|x86.Build.0 = Release|Any CPU
		{B6172951-74C5-4861-BBB9-9E825A600894}.Debug|Any CPU.ActiveCfg = Debug|Any CPU
		{B6172951-74C5-4861-BBB9-9E825A600894}.Debug|Any CPU.Build.0 = Debug|Any CPU
		{B6172951-74C5-4861-BBB9-9E825A600894}.Debug|x64.ActiveCfg = Debug|Any CPU
		{B6172951-74C5-4861-BBB9-9E825A600894}.Debug|x64.Build.0 = Debug|Any CPU
		{B6172951-74C5-4861-BBB9-9E825A600894}.Debug|x86.ActiveCfg = Debug|Any CPU
		{B6172951-74C5-4861-BBB9-9E825A600894}.Debug|x86.Build.0 = Debug|Any CPU
		{B6172951-74C5-4861-BBB9-9E825A600894}.Release|Any CPU.ActiveCfg = Release|Any CPU
		{B6172951-74C5-4861-BBB9-9E825A600894}.Release|Any CPU.Build.0 = Release|Any CPU
		{B6172951-74C5-4861-BBB9-9E825A600894}.Release|x64.ActiveCfg = Release|Any CPU
		{B6172951-74C5-4861-BBB9-9E825A600894}.Release|x64.Build.0 = Release|Any CPU
		{B6172951-74C5-4861-BBB9-9E825A600894}.Release|x86.ActiveCfg = Release|Any CPU
		{B6172951-74C5-4861-BBB9-9E825A600894}.Release|x86.Build.0 = Release|Any CPU
	EndGlobalSection
	GlobalSection(SolutionProperties) = preSolution
		HideSolutionNode = FALSE
	EndGlobalSection
	GlobalSection(NestedProjects) = preSolution
		{9F19C8E5-4AD9-4A75-A0DF-559E2E48FAC6} = {827E0CD3-B72D-47B6-A68D-7590B98EB39B}
		{2AE1CE0B-BC9B-40EE-8603-49374AE476F1} = {827E0CD3-B72D-47B6-A68D-7590B98EB39B}
		{B6172951-74C5-4861-BBB9-9E825A600894} = {827E0CD3-B72D-47B6-A68D-7590B98EB39B}
	EndGlobalSection
EndGlobal
